// !$*UTF8*$!
{
	archiveVersion = 1;
	classes = {
	};
	objectVersion = 46;
	objects = {

/* Begin PBXBuildFile section */
		EC8961E51B1F19CF00AF5730 /* AppDelegate.swift in Sources */ = {isa = PBXBuildFile; fileRef = EC8961E41B1F19CF00AF5730 /* AppDelegate.swift */; };
		EC8961E71B1F19CF00AF5730 /* ViewController.swift in Sources */ = {isa = PBXBuildFile; fileRef = EC8961E61B1F19CF00AF5730 /* ViewController.swift */; };
		EC8961EA1B1F19CF00AF5730 /* Main.storyboard in Resources */ = {isa = PBXBuildFile; fileRef = EC8961E81B1F19CF00AF5730 /* Main.storyboard */; };
		EC8961EC1B1F19CF00AF5730 /* Images.xcassets in Resources */ = {isa = PBXBuildFile; fileRef = EC8961EB1B1F19CF00AF5730 /* Images.xcassets */; };
		EC8961EF1B1F19CF00AF5730 /* LaunchScreen.xib in Resources */ = {isa = PBXBuildFile; fileRef = EC8961ED1B1F19CF00AF5730 /* LaunchScreen.xib */; };
		EC8961FB1B1F19CF00AF5730 /* GrablTests.swift in Sources */ = {isa = PBXBuildFile; fileRef = EC8961FA1B1F19CF00AF5730 /* GrablTests.swift */; };
/* End PBXBuildFile section */

/* Begin PBXContainerItemProxy section */
		EC8961F51B1F19CF00AF5730 /* PBXContainerItemProxy */ = {
			isa = PBXContainerItemProxy;
			containerPortal = EC8961D71B1F19CF00AF5730 /* Project object */;
			proxyType = 1;
			remoteGlobalIDString = EC8961DE1B1F19CF00AF5730;
			remoteInfo = Grabl;
		};
/* End PBXContainerItemProxy section */

/* Begin PBXFileReference section */
		EC8961DF1B1F19CF00AF5730 /* Grabl.app */ = {isa = PBXFileReference; explicitFileType = wrapper.application; includeInIndex = 0; path = Grabl.app; sourceTree = BUILT_PRODUCTS_DIR; };
		EC8961E31B1F19CF00AF5730 /* Info.plist */ = {isa = PBXFileReference; lastKnownFileType = text.plist.xml; path = Info.plist; sourceTree = "<group>"; };
		EC8961E41B1F19CF00AF5730 /* AppDelegate.swift */ = {isa = PBXFileReference; lastKnownFileType = sourcecode.swift; path = AppDelegate.swift; sourceTree = "<group>"; };
		EC8961E61B1F19CF00AF5730 /* ViewController.swift */ = {isa = PBXFileReference; lastKnownFileType = sourcecode.swift; path = ViewController.swift; sourceTree = "<group>"; };
		EC8961E91B1F19CF00AF5730 /* Base */ = {isa = PBXFileReference; lastKnownFileType = file.storyboard; name = Base; path = Base.lproj/Main.storyboard; sourceTree = "<group>"; };
		EC8961EB1B1F19CF00AF5730 /* Images.xcassets */ = {isa = PBXFileReference; lastKnownFileType = folder.assetcatalog; path = Images.xcassets; sourceTree = "<group>"; };
		EC8961EE1B1F19CF00AF5730 /* Base */ = {isa = PBXFileReference; lastKnownFileType = file.xib; name = Base; path = Base.lproj/LaunchScreen.xib; sourceTree = "<group>"; };
		EC8961F41B1F19CF00AF5730 /* GrablTests.xctest */ = {isa = PBXFileReference; explicitFileType = wrapper.cfbundle; includeInIndex = 0; path = GrablTests.xctest; sourceTree = BUILT_PRODUCTS_DIR; };
		EC8961F91B1F19CF00AF5730 /* Info.plist */ = {isa = PBXFileReference; lastKnownFileType = text.plist.xml; path = Info.plist; sourceTree = "<group>"; };
		EC8961FA1B1F19CF00AF5730 /* GrablTests.swift */ = {isa = PBXFileReference; lastKnownFileType = sourcecode.swift; path = GrablTests.swift; sourceTree = "<group>"; };
/* End PBXFileReference section */

/* Begin PBXFrameworksBuildPhase section */
		EC8961DC1B1F19CF00AF5730 /* Frameworks */ = {
			isa = PBXFrameworksBuildPhase;
			buildActionMask = 2147483647;
			files = (
			);
			runOnlyForDeploymentPostprocessing = 0;
		};
		EC8961F11B1F19CF00AF5730 /* Frameworks */ = {
			isa = PBXFrameworksBuildPhase;
			buildActionMask = 2147483647;
			files = (
			);
			runOnlyForDeploymentPostprocessing = 0;
		};
/* End PBXFrameworksBuildPhase section */

/* Begin PBXGroup section */
		EC8961D61B1F19CF00AF5730 = {
			isa = PBXGroup;
			children = (
				EC8961E11B1F19CF00AF5730 /* Grabl */,
				EC8961F71B1F19CF00AF5730 /* GrablTests */,
				EC8961E01B1F19CF00AF5730 /* Products */,
			);
			sourceTree = "<group>";
		};
		EC8961E01B1F19CF00AF5730 /* Products */ = {
			isa = PBXGroup;
			children = (
				EC8961DF1B1F19CF00AF5730 /* Grabl.app */,
				EC8961F41B1F19CF00AF5730 /* GrablTests.xctest */,
			);
			name = Products;
			sourceTree = "<group>";
		};
		EC8961E11B1F19CF00AF5730 /* Grabl */ = {
			isa = PBXGroup;
			children = (
				EC8961E41B1F19CF00AF5730 /* AppDelegate.swift */,
				EC8961E61B1F19CF00AF5730 /* ViewController.swift */,
				EC8961E81B1F19CF00AF5730 /* Main.storyboard */,
				EC8961EB1B1F19CF00AF5730 /* Images.xcassets */,
				EC8961ED1B1F19CF00AF5730 /* LaunchScreen.xib */,
				EC8961E21B1F19CF00AF5730 /* Supporting Files */,
			);
			path = Grabl;
			sourceTree = "<group>";
		};
		EC8961E21B1F19CF00AF5730 /* Supporting Files */ = {
			isa = PBXGroup;
			children = (
				EC8961E31B1F19CF00AF5730 /* Info.plist */,
			);
			name = "Supporting Files";
			sourceTree = "<group>";
		};
		EC8961F71B1F19CF00AF5730 /* GrablTests */ = {
			isa = PBXGroup;
			children = (
				EC8961FA1B1F19CF00AF5730 /* GrablTests.swift */,
				EC8961F81B1F19CF00AF5730 /* Supporting Files */,
			);
			path = GrablTests;
			sourceTree = "<group>";
		};
		EC8961F81B1F19CF00AF5730 /* Supporting Files */ = {
			isa = PBXGroup;
			children = (
				EC8961F91B1F19CF00AF5730 /* Info.plist */,
			);
			name = "Supporting Files";
			sourceTree = "<group>";
		};
/* End PBXGroup section */

/* Begin PBXNativeTarget section */
		EC8961DE1B1F19CF00AF5730 /* Grabl */ = {
			isa = PBXNativeTarget;
			buildConfigurationList = EC8961FE1B1F19CF00AF5730 /* Build configuration list for PBXNativeTarget "Grabl" */;
			buildPhases = (
				EC8961DB1B1F19CF00AF5730 /* Sources */,
				EC8961DC1B1F19CF00AF5730 /* Frameworks */,
				EC8961DD1B1F19CF00AF5730 /* Resources */,
			);
			buildRules = (
			);
			dependencies = (
			);
			name = Grabl;
			productName = Grabl;
			productReference = EC8961DF1B1F19CF00AF5730 /* Grabl.app */;
			productType = "com.apple.product-type.application";
		};
		EC8961F31B1F19CF00AF5730 /* GrablTests */ = {
			isa = PBXNativeTarget;
			buildConfigurationList = EC8962011B1F19CF00AF5730 /* Build configuration list for PBXNativeTarget "GrablTests" */;
			buildPhases = (
				EC8961F01B1F19CF00AF5730 /* Sources */,
				EC8961F11B1F19CF00AF5730 /* Frameworks */,
				EC8961F21B1F19CF00AF5730 /* Resources */,
			);
			buildRules = (
			);
			dependencies = (
				EC8961F61B1F19CF00AF5730 /* PBXTargetDependency */,
			);
			name = GrablTests;
			productName = GrablTests;
			productReference = EC8961F41B1F19CF00AF5730 /* GrablTests.xctest */;
			productType = "com.apple.product-type.bundle.unit-test";
		};
/* End PBXNativeTarget section */

/* Begin PBXProject section */
		EC8961D71B1F19CF00AF5730 /* Project object */ = {
			isa = PBXProject;
			attributes = {
				LastUpgradeCheck = 0630;
				ORGANIZATIONNAME = Hackmops;
				TargetAttributes = {
					EC8961DE1B1F19CF00AF5730 = {
						CreatedOnToolsVersion = 6.3.2;
					};
					EC8961F31B1F19CF00AF5730 = {
						CreatedOnToolsVersion = 6.3.2;
						TestTargetID = EC8961DE1B1F19CF00AF5730;
					};
				};
			};
			buildConfigurationList = EC8961DA1B1F19CF00AF5730 /* Build configuration list for PBXProject "Grabl" */;
			compatibilityVersion = "Xcode 3.2";
			developmentRegion = English;
			hasScannedForEncodings = 0;
			knownRegions = (
				en,
				Base,
			);
			mainGroup = EC8961D61B1F19CF00AF5730;
			productRefGroup = EC8961E01B1F19CF00AF5730 /* Products */;
			projectDirPath = "";
			projectRoot = "";
			targets = (
				EC8961DE1B1F19CF00AF5730 /* Grabl */,
				EC8961F31B1F19CF00AF5730 /* GrablTests */,
			);
		};
/* End PBXProject section */

/* Begin PBXResourcesBuildPhase section */
		EC8961DD1B1F19CF00AF5730 /* Resources */ = {
			isa = PBXResourcesBuildPhase;
			buildActionMask = 2147483647;
			files = (
				EC8961EA1B1F19CF00AF5730 /* Main.storyboard in Resources */,
				EC8961EF1B1F19CF00AF5730 /* LaunchScreen.xib in Resources */,
				EC8961EC1B1F19CF00AF5730 /* Images.xcassets in Resources */,
			);
			runOnlyForDeploymentPostprocessing = 0;
		};
		EC8961F21B1F19CF00AF5730 /* Resources */ = {
			isa = PBXResourcesBuildPhase;
			buildActionMask = 2147483647;
			files = (
			);
			runOnlyForDeploymentPostprocessing = 0;
		};
/* End PBXResourcesBuildPhase section */

/* Begin PBXSourcesBuildPhase section */
		EC8961DB1B1F19CF00AF5730 /* Sources */ = {
			isa = PBXSourcesBuildPhase;
			buildActionMask = 2147483647;
			files = (
				EC8961E71B1F19CF00AF5730 /* ViewController.swift in Sources */,
				EC8961E51B1F19CF00AF5730 /* AppDelegate.swift in Sources */,
			);
			runOnlyForDeploymentPostprocessing = 0;
		};
		EC8961F01B1F19CF00AF5730 /* Sources */ = {
			isa = PBXSourcesBuildPhase;
			buildActionMask = 2147483647;
			files = (
				EC8961FB1B1F19CF00AF5730 /* GrablTests.swift in Sources */,
			);
			runOnlyForDeploymentPostprocessing = 0;
		};
/* End PBXSourcesBuildPhase section */

/* Begin PBXTargetDependency section */
		EC8961F61B1F19CF00AF5730 /* PBXTargetDependency */ = {
			isa = PBXTargetDependency;
			target = EC8961DE1B1F19CF00AF5730 /* Grabl */;
			targetProxy = EC8961F51B1F19CF00AF5730 /* PBXContainerItemProxy */;
		};
/* End PBXTargetDependency section */

/* Begin PBXVariantGroup section */
		EC8961E81B1F19CF00AF5730 /* Main.storyboard */ = {
			isa = PBXVariantGroup;
			children = (
				EC8961E91B1F19CF00AF5730 /* Base */,
			);
			name = Main.storyboard;
			sourceTree = "<group>";
		};
		EC8961ED1B1F19CF00AF5730 /* LaunchScreen.xib */ = {
			isa = PBXVariantGroup;
			children = (
				EC8961EE1B1F19CF00AF5730 /* Base */,
			);
			name = LaunchScreen.xib;
			sourceTree = "<group>";
		};
/* End PBXVariantGroup section */

/* Begin XCBuildConfiguration section */
		EC8961FC1B1F19CF00AF5730 /* Debug */ = {
			isa = XCBuildConfiguration;
			buildSettings = {
				ALWAYS_SEARCH_USER_PATHS = NO;
				CLANG_CXX_LANGUAGE_STANDARD = "gnu++0x";
				CLANG_CXX_LIBRARY = "libc++";
				CLANG_ENABLE_MODULES = YES;
				CLANG_ENABLE_OBJC_ARC = YES;
				CLANG_WARN_BOOL_CONVERSION = YES;
				CLANG_WARN_CONSTANT_CONVERSION = YES;
				CLANG_WARN_DIRECT_OBJC_ISA_USAGE = YES_ERROR;
				CLANG_WARN_EMPTY_BODY = YES;
				CLANG_WARN_ENUM_CONVERSION = YES;
				CLANG_WARN_INT_CONVERSION = YES;
				CLANG_WARN_OBJC_ROOT_CLASS = YES_ERROR;
				CLANG_WARN_UNREACHABLE_CODE = YES;
				CLANG_WARN__DUPLICATE_METHOD_MATCH = YES;
				"CODE_SIGN_IDENTITY[sdk=iphoneos*]" = "iPhone Developer";
				COPY_PHASE_STRIP = NO;
				DEBUG_INFORMATION_FORMAT = "dwarf-with-dsym";
				ENABLE_STRICT_OBJC_MSGSEND = YES;
				GCC_C_LANGUAGE_STANDARD = gnu99;
				GCC_DYNAMIC_NO_PIC = NO;
				GCC_NO_COMMON_BLOCKS = YES;
				GCC_OPTIMIZATION_LEVEL = 0;
				GCC_PREPROCESSOR_DEFINITIONS = (
					"DEBUG=1",
					"$(inherited)",
				);
				GCC_SYMBOLS_PRIVATE_EXTERN = NO;
				GCC_WARN_64_TO_32_BIT_CONVERSION = YES;
				GCC_WARN_ABOUT_RETURN_TYPE = YES_ERROR;
				GCC_WARN_UNDECLARED_SELECTOR = YES;
				GCC_WARN_UNINITIALIZED_AUTOS = YES_AGGRESSIVE;
				GCC_WARN_UNUSED_FUNCTION = YES;
				GCC_WARN_UNUSED_VARIABLE = YES;
				IPHONEOS_DEPLOYMENT_TARGET = 8.3;
				MTL_ENABLE_DEBUG_INFO = YES;
				ONLY_ACTIVE_ARCH = YES;
				SDKROOT = iphoneos;
				SWIFT_OPTIMIZATION_LEVEL = "-Onone";
				TARGETED_DEVICE_FAMILY = "1,2";
			};
			name = Debug;
		};
		EC8961FD1B1F19CF00AF5730 /* Release */ = {
			isa = XCBuildConfiguration;
			buildSettings = {
				ALWAYS_SEARCH_USER_PATHS = NO;
				CLANG_CXX_LANGUAGE_STANDARD = "gnu++0x";
				CLANG_CXX_LIBRARY = "libc++";
				CLANG_ENABLE_MODULES = YES;
				CLANG_ENABLE_OBJC_ARC = YES;
				CLANG_WARN_BOOL_CONVERSION = YES;
				CLANG_WARN_CONSTANT_CONVERSION = YES;
				CLANG_WARN_DIRECT_OBJC_ISA_USAGE = YES_ERROR;
				CLANG_WARN_EMPTY_BODY = YES;
				CLANG_WARN_ENUM_CONVERSION = YES;
				CLANG_WARN_INT_CONVERSION = YES;
				CLANG_WARN_OBJC_ROOT_CLASS = YES_ERROR;
				CLANG_WARN_UNREACHABLE_CODE = YES;
				CLANG_WARN__DUPLICATE_METHOD_MATCH = YES;
				"CODE_SIGN_IDENTITY[sdk=iphoneos*]" = "iPhone Developer";
				COPY_PHASE_STRIP = NO;
				DEBUG_INFORMATION_FORMAT = "dwarf-with-dsym";
				ENABLE_NS_ASSERTIONS = NO;
				ENABLE_STRICT_OBJC_MSGSEND = YES;
				GCC_C_LANGUAGE_STANDARD = gnu99;
				GCC_NO_COMMON_BLOCKS = YES;
				GCC_WARN_64_TO_32_BIT_CONVERSION = YES;
				GCC_WARN_ABOUT_RETURN_TYPE = YES_ERROR;
				GCC_WARN_UNDECLARED_SELECTOR = YES;
				GCC_WARN_UNINITIALIZED_AUTOS = YES_AGGRESSIVE;
				GCC_WARN_UNUSED_FUNCTION = YES;
				GCC_WARN_UNUSED_VARIABLE = YES;
				IPHONEOS_DEPLOYMENT_TARGET = 8.3;
				MTL_ENABLE_DEBUG_INFO = NO;
				SDKROOT = iphoneos;
				TARGETED_DEVICE_FAMILY = "1,2";
				VALIDATE_PRODUCT = YES;
			};
			name = Release;
		};
		EC8961FF1B1F19CF00AF5730 /* Debug */ = {
			isa = XCBuildConfiguration;
			buildSettings = {
				ASSETCATALOG_COMPILER_APPICON_NAME = AppIcon;
				INFOPLIST_FILE = Grabl/Info.plist;
				LD_RUNPATH_SEARCH_PATHS = "$(inherited) @executable_path/Frameworks";
				PRODUCT_NAME = "$(TARGET_NAME)";
			};
			name = Debug;
		};
		EC8962001B1F19CF00AF5730 /* Release */ = {
			isa = XCBuildConfiguration;
			buildSettings = {
				ASSETCATALOG_COMPILER_APPICON_NAME = AppIcon;
				INFOPLIST_FILE = Grabl/Info.plist;
				LD_RUNPATH_SEARCH_PATHS = "$(inherited) @executable_path/Frameworks";
				PRODUCT_NAME = "$(TARGET_NAME)";
			};
			name = Release;
		};
		EC8962021B1F19CF00AF5730 /* Debug */ = {
			isa = XCBuildConfiguration;
			buildSettings = {
				BUNDLE_LOADER = "$(TEST_HOST)";
				FRAMEWORK_SEARCH_PATHS = (
					"$(SDKROOT)/Developer/Library/Frameworks",
					"$(inherited)",
				);
				GCC_PREPROCESSOR_DEFINITIONS = (
					"DEBUG=1",
					"$(inherited)",
				);
				INFOPLIST_FILE = GrablTests/Info.plist;
				LD_RUNPATH_SEARCH_PATHS = "$(inherited) @executable_path/Frameworks @loader_path/Frameworks";
				PRODUCT_NAME = "$(TARGET_NAME)";
				TEST_HOST = "$(BUILT_PRODUCTS_DIR)/Grabl.app/Grabl";
			};
			name = Debug;
		};
		EC8962031B1F19CF00AF5730 /* Release */ = {
			isa = XCBuildConfiguration;
			buildSettings = {
				BUNDLE_LOADER = "$(TEST_HOST)";
				FRAMEWORK_SEARCH_PATHS = (
					"$(SDKROOT)/Developer/Library/Frameworks",
					"$(inherited)",
				);
				INFOPLIST_FILE = GrablTests/Info.plist;
				LD_RUNPATH_SEARCH_PATHS = "$(inherited) @executable_path/Frameworks @loader_path/Frameworks";
				PRODUCT_NAME = "$(TARGET_NAME)";
				TEST_HOST = "$(BUILT_PRODUCTS_DIR)/Grabl.app/Grabl";
			};
			name = Release;
		};
/* End XCBuildConfiguration section */

/* Begin XCConfigurationList section */
		EC8961DA1B1F19CF00AF5730 /* Build configuration list for PBXProject "Grabl" */ = {
			isa = XCConfigurationList;
			buildConfigurations = (
				EC8961FC1B1F19CF00AF5730 /* Debug */,
				EC8961FD1B1F19CF00AF5730 /* Release */,
			);
			defaultConfigurationIsVisible = 0;
			defaultConfigurationName = Release;
		};
		EC8961FE1B1F19CF00AF5730 /* Build configuration list for PBXNativeTarget "Grabl" */ = {
			isa = XCConfigurationList;
			buildConfigurations = (
				EC8961FF1B1F19CF00AF5730 /* Debug */,
				EC8962001B1F19CF00AF5730 /* Release */,
			);
			defaultConfigurationIsVisible = 0;
		};
		EC8962011B1F19CF00AF5730 /* Build configuration list for PBXNativeTarget "GrablTests" */ = {
			isa = XCConfigurationList;
			buildConfigurations = (
				EC8962021B1F19CF00AF5730 /* Debug */,
				EC8962031B1F19CF00AF5730 /* Release */,
			);
			defaultConfigurationIsVisible = 0;
		};
/* End XCConfigurationList section */
	};
	rootObject = EC8961D71B1F19CF00AF5730 /* Project object */;
}
